
Microsoft Visual Studio Solution File, Format Version 12.00
# Visual Studio Version 16
VisualStudioVersion = 16.0.29905.134
MinimumVisualStudioVersion = 10.0.40219.1
Project("{888888A0-9F3D-457C-B088-3A5042F75D52}") = "Calculator App", "Calculator App\Calculator App.pyproj", "{A390D7E5-F138-4011-BDD0-8C691FE15F6C}"
EndProject
Global
	GlobalSection(SolutionConfigurationPlatforms) = preSolution
		Debug|Any CPU = Debug|Any CPU
		Release|Any CPU = Release|Any CPU
	EndGlobalSection
	GlobalSection(ProjectConfigurationPlatforms) = postSolution
		{A390D7E5-F138-4011-BDD0-8C691FE15F6C}.Debug|Any CPU.ActiveCfg = Debug|Any CPU
		{A390D7E5-F138-4011-BDD0-8C691FE15F6C}.Release|Any CPU.ActiveCfg = Release|Any CPU
	EndGlobalSection
	GlobalSection(SolutionProperties) = preSolution
		HideSolutionNode = FALSE
	EndGlobalSection
	GlobalSection(ExtensibilityGlobals) = postSolution
		SolutionGuid = {E74B2E5D-FE96-4587-8147-F028EABD4635}
	EndGlobalSection
EndGlobal
